#
# This file is autogenerated by pip-compile with Python 3.14
# by the following command:
#
#    pip-compile --generate-hashes --output-file=requirements-dev.lock --strip-extras requirements-dev.in
#
anyio==4.13.0 \
    --hash=sha256:08b310f9e24a9594186fd75b4f73f4a4152069e3853f1ed8bfbf58369f4ad708 \
    --hash=sha256:334b70e641fd2221c1505b3890c69882fe4a2df910cba14d97019b90b24439dc
    # via
    #   -c requirements.lock
    #   httpx
certifi==2026.4.22 \
    --hash=sha256:3cb2210c8f88ba2318d29b0388d1023c8492ff72ecdde4ebdaddbb13a31b1c4a \
    --hash=sha256:8d455352a37b71bf76a79caa83a3d6c25afee4a385d632127b6afb3963f1c580
    # via
    #   httpcore
    #   httpx
h11==0.16.0 \
    --hash=sha256:4e35b956cf45792e4caa5885e69fba00bdbc6ffafbfa020300e549b208ee5ff1 \
    --hash=sha256:63cf8bbe7522de3bf65932fda1d9c2772064ffb3dae62d55932da54b31cb6c86
    # via
    #   -c requirements.lock
    #   httpcore
httpcore==1.0.9 \
    --hash=sha256:2d400746a40668fc9dec9810239072b40b4484b640a8c38fd654a024c7a1bf55 \
    --hash=sha256:6e34463af53fd2ab5d807f399a9b45ea31c3dfa2276f15a2c3f00afff6e176e8
    # via httpx
httpx==0.28.1 \
    --hash=sha256:75e98c5f16b0f35b567856f597f06ff2270a374470a5c2392242528e3e3e42fc \
    --hash=sha256:d909fcccc110f8c7faf814ca82a9a4d816bc5a6dbfea25d6591d6985b8ba59ad
    # via -r requirements-dev.in
idna==3.13 \
    --hash=sha256:585ea8fe5d69b9181ec1afba340451fba6ba764af97026f92a91d4eef164a242 \
    --hash=sha256:892ea0cde124a99ce773decba204c5552b69c3c67ffd5f232eb7696135bc8bb3
    # via
    #   -c requirements.lock
    #   anyio
    #   httpx
iniconfig==2.3.0 \
    --hash=sha256:c76315c77db068650d49c5b56314774a7804df16fee4402c1f19d6d15d8c4730 \
    --hash=sha256:f631c04d2c48c52b84d0d0549c99ff3859c98df65b3101406327ecc7d53fbf12
    # via pytest
packaging==26.1 \
    --hash=sha256:5d9c0669c6285e491e0ced2eee587eaf67b670d94a19e94e3984a481aba6802f \
    --hash=sha256:f042152b681c4bfac5cae2742a55e103d27ab2ec0f3d88037136b6bfe7c9c5de
    # via pytest
pluggy==1.6.0 \
    --hash=sha256:7dcc130b76258d33b90f61b658791dede3486c3e6bfb003ee5c9bfb396dd22f3 \
    --hash=sha256:e920276dd6813095e9377c0bc5566d94c932c33b27a3e3945d8389c374dd4746
    # via pytest
pygments==2.20.0 \
    --hash=sha256:6757cd03768053ff99f3039c1a36d6c0aa0b263438fcab17520b30a303a82b5f \
    --hash=sha256:81a9e26dd42fd28a23a2d169d86d7ac03b46e2f8b59ed4698fb4785f946d0176
    # via pytest
pytest==9.0.3 \
    --hash=sha256:2c5efc453d45394fdd706ade797c0a81091eccd1d6e4bccfcd476e2b8e0ab5d9 \
    --hash=sha256:b86ada508af81d19edeb213c681b1d48246c1a91d304c6c81a427674c17eb91c
    # via -r requirements-dev.in
ruff==0.15.11 \
    --hash=sha256:030d921a836d7d4a12cf6e8d984a88b66094ccb0e0f17ddd55067c331191bf19 \
    --hash=sha256:063fed18cc1bbe0ee7393957284a6fe8b588c6a406a285af3ee3f46da2391ee4 \
    --hash=sha256:06f483d6646f59eaffba9ae30956370d3a886625f511a3108994000480621d1c \
    --hash=sha256:0e783b599b4577788dbbb66b9addcef87e9a8832f4ce0c19e34bf55543a2f890 \
    --hash=sha256:195072c0c8e1fc8f940652073df082e37a5d9cb43b4ab1e4d0566ab8977a13b7 \
    --hash=sha256:1bef2cb556d509259f1fe440bb9cd33c756222cf0a7afe90d15edf0866702431 \
    --hash=sha256:1f111d62e3c983ed20e0ca2e800f8d77433a5b1161947df99a5c2a3fb60514f0 \
    --hash=sha256:3b17c886fb88203ced3afe7f14e8d5ae96e9d2f4ccc0ee66aa19f2c2675a27e4 \
    --hash=sha256:476a2aa56b7da0b73a3ee80b6b2f0e19cce544245479adde7baa65466664d5f3 \
    --hash=sha256:49fafa220220afe7758a487b048de4c8f9f767f37dfefad46b9dd06759d003eb \
    --hash=sha256:7a1b5b2938d8f890b76084d4fa843604d787a912541eae85fd7e233398bbb73e \
    --hash=sha256:8b6756d88d7e234fb0c98c91511aae3cd519d5e3ed271cae31b20f39cb2a12a3 \
    --hash=sha256:a3a0996d486af3920dec930a2e7daed4847dfc12649b537a9335585ada163e9e \
    --hash=sha256:ae90592246625ba4a34349d68ec28d4400d75182b71baa196ddb9f82db025ef5 \
    --hash=sha256:d4176f3d194afbdaee6e41b9ccb1a2c287dba8700047df474abfbe773825d1cb \
    --hash=sha256:e927cfff503135c558eb581a0c9792264aae9507904eb27809cdcff2f2c847b7 \
    --hash=sha256:f092b21708bf0e7437ce9ada249dfe688ff9a0954fc94abab05dcea7dcd29c33 \
    --hash=sha256:f2ab8427e74a00d93b8bda1307b1e60970d40f304af38bccb218e056c220120d
    # via -r requirements-dev.in
